// !$*UTF8*$!
{
	archiveVersion = 1;
	classes = {
	};
	objectVersion = 46;
	objects = {

/* Begin PBXBuildFile section */
		205729F21A520C9C00ED525C /* AppDelegate.swift in Sources */ = {isa = PBXBuildFile; fileRef = 205729F11A520C9C00ED525C /* AppDelegate.swift */; };
		205729F41A520C9C00ED525C /* ViewController.swift in Sources */ = {isa = PBXBuildFile; fileRef = 205729F31A520C9C00ED525C /* ViewController.swift */; };
		205729F71A520C9C00ED525C /* Main.storyboard in Resources */ = {isa = PBXBuildFile; fileRef = 205729F51A520C9C00ED525C /* Main.storyboard */; };
		205729F91A520C9C00ED525C /* Images.xcassets in Resources */ = {isa = PBXBuildFile; fileRef = 205729F81A520C9C00ED525C /* Images.xcassets */; };
		205729FC1A520C9C00ED525C /* LaunchScreen.xib in Resources */ = {isa = PBXBuildFile; fileRef = 205729FA1A520C9C00ED525C /* LaunchScreen.xib */; };
		A592AB941A59114900BF1BDC /* LoadingView.swift in Sources */ = {isa = PBXBuildFile; fileRef = A592AB931A59114900BF1BDC /* LoadingView.swift */; };
/* End PBXBuildFile section */

/* Begin PBXFileReference section */
		205729EC1A520C9C00ED525C /* LoadingView.app */ = {isa = PBXFileReference; explicitFileType = wrapper.application; includeInIndex = 0; path = LoadingView.app; sourceTree = BUILT_PRODUCTS_DIR; };
		205729F01A520C9C00ED525C /* Info.plist */ = {isa = PBXFileReference; lastKnownFileType = text.plist.xml; path = Info.plist; sourceTree = "<group>"; };
		205729F11A520C9C00ED525C /* AppDelegate.swift */ = {isa = PBXFileReference; lastKnownFileType = sourcecode.swift; path = AppDelegate.swift; sourceTree = "<group>"; };
		205729F31A520C9C00ED525C /* ViewController.swift */ = {isa = PBXFileReference; lastKnownFileType = sourcecode.swift; path = ViewController.swift; sourceTree = "<group>"; };
		205729F61A520C9C00ED525C /* Base */ = {isa = PBXFileReference; lastKnownFileType = file.storyboard; name = Base; path = Base.lproj/Main.storyboard; sourceTree = "<group>"; };
		205729F81A520C9C00ED525C /* Images.xcassets */ = {isa = PBXFileReference; lastKnownFileType = folder.assetcatalog; path = Images.xcassets; sourceTree = "<group>"; };
		205729FB1A520C9C00ED525C /* Base */ = {isa = PBXFileReference; lastKnownFileType = file.xib; name = Base; path = Base.lproj/LaunchScreen.xib; sourceTree = "<group>"; };
		A592AB931A59114900BF1BDC /* LoadingView.swift */ = {isa = PBXFileReference; fileEncoding = 4; lastKnownFileType = sourcecode.swift; name = LoadingView.swift; path = ../../LoadingView.swift; sourceTree = "<group>"; };
/* End PBXFileReference section */

/* Begin PBXFrameworksBuildPhase section */
		205729E91A520C9C00ED525C /* Frameworks */ = {
			isa = PBXFrameworksBuildPhase;
			buildActionMask = 2147483647;
			files = (
			);
			runOnlyForDeploymentPostprocessing = 0;
		};
/* End PBXFrameworksBuildPhase section */

/* Begin PBXGroup section */
		205729E31A520C9C00ED525C = {
			isa = PBXGroup;
			children = (
				205729EE1A520C9C00ED525C /* LoadingView */,
				205729ED1A520C9C00ED525C /* Products */,
			);
			sourceTree = "<group>";
		};
		205729ED1A520C9C00ED525C /* Products */ = {
			isa = PBXGroup;
			children = (
				205729EC1A520C9C00ED525C /* LoadingView.app */,
			);
			name = Products;
			sourceTree = "<group>";
		};
		205729EE1A520C9C00ED525C /* LoadingView */ = {
			isa = PBXGroup;
			children = (
				205729F11A520C9C00ED525C /* AppDelegate.swift */,
				205729F31A520C9C00ED525C /* ViewController.swift */,
				A592AB931A59114900BF1BDC /* LoadingView.swift */,
				205729F51A520C9C00ED525C /* Main.storyboard */,
				205729F81A520C9C00ED525C /* Images.xcassets */,
				205729FA1A520C9C00ED525C /* LaunchScreen.xib */,
				205729EF1A520C9C00ED525C /* Supporting Files */,
			);
			path = LoadingView;
			sourceTree = "<group>";
		};
		205729EF1A520C9C00ED525C /* Supporting Files */ = {
			isa = PBXGroup;
			children = (
				205729F01A520C9C00ED525C /* Info.plist */,
			);
			name = "Supporting Files";
			sourceTree = "<group>";
		};
/* End PBXGroup section */

/* Begin PBXNativeTarget section */
		205729EB1A520C9C00ED525C /* LoadingView */ = {
			isa = PBXNativeTarget;
			buildConfigurationList = 20572A0B1A520C9C00ED525C /* Build configuration list for PBXNativeTarget "LoadingView" */;
			buildPhases = (
				205729E81A520C9C00ED525C /* Sources */,
				205729E91A520C9C00ED525C /* Frameworks */,
				205729EA1A520C9C00ED525C /* Resources */,
			);
			buildRules = (
			);
			dependencies = (
			);
			name = LoadingView;
			productName = LoadingView;
			productReference = 205729EC1A520C9C00ED525C /* LoadingView.app */;
			productType = "com.apple.product-type.application";
		};
/* End PBXNativeTarget section */

/* Begin PBXProject section */
		205729E41A520C9C00ED525C /* Project object */ = {
			isa = PBXProject;
			attributes = {
				LastUpgradeCheck = 0610;
				ORGANIZATIONNAME = "Xappox, LLC";
				TargetAttributes = {
					205729EB1A520C9C00ED525C = {
						CreatedOnToolsVersion = 6.1.1;
					};
				};
			};
			buildConfigurationList = 205729E71A520C9C00ED525C /* Build configuration list for PBXProject "LoadingView" */;
			compatibilityVersion = "Xcode 3.2";
			developmentRegion = English;
			hasScannedForEncodings = 0;
			knownRegions = (
				en,
				Base,
			);
			mainGroup = 205729E31A520C9C00ED525C;
			productRefGroup = 205729ED1A520C9C00ED525C /* Products */;
			projectDirPath = "";
			projectRoot = "";
			targets = (
				205729EB1A520C9C00ED525C /* LoadingView */,
			);
		};
/* End PBXProject section */

/* Begin PBXResourcesBuildPhase section */
		205729EA1A520C9C00ED525C /* Resources */ = {
			isa = PBXResourcesBuildPhase;
			buildActionMask = 2147483647;
			files = (
				205729F71A520C9C00ED525C /* Main.storyboard in Resources */,
				205729FC1A520C9C00ED525C /* LaunchScreen.xib in Resources */,
				205729F91A520C9C00ED525C /* Images.xcassets in Resources */,
			);
			runOnlyForDeploymentPostprocessing = 0;
		};
/* End PBXResourcesBuildPhase section */

/* Begin PBXSourcesBuildPhase section */
		205729E81A520C9C00ED525C /* Sources */ = {
			isa = PBXSourcesBuildPhase;
			buildActionMask = 2147483647;
			files = (
				205729F41A520C9C00ED525C /* ViewController.swift in Sources */,
				205729F21A520C9C00ED525C /* AppDelegate.swift in Sources */,
				A592AB941A59114900BF1BDC /* LoadingView.swift in Sources */,
			);
			runOnlyForDeploymentPostprocessing = 0;
		};
/* End PBXSourcesBuildPhase section */

/* Begin PBXVariantGroup section */
		205729F51A520C9C00ED525C /* Main.storyboard */ = {
			isa = PBXVariantGroup;
			children = (
				205729F61A520C9C00ED525C /* Base */,
			);
			name = Main.storyboard;
			sourceTree = "<group>";
		};
		205729FA1A520C9C00ED525C /* LaunchScreen.xib */ = {
			isa = PBXVariantGroup;
			children = (
				205729FB1A520C9C00ED525C /* Base */,
			);
			name = LaunchScreen.xib;
			sourceTree = "<group>";
		};
/* End PBXVariantGroup section */

/* Begin XCBuildConfiguration section */
		20572A091A520C9C00ED525C /* Debug */ = {
			isa = XCBuildConfiguration;
			buildSettings = {
				ALWAYS_SEARCH_USER_PATHS = NO;
				CLANG_CXX_LANGUAGE_STANDARD = "gnu++0x";
				CLANG_CXX_LIBRARY = "libc++";
				CLANG_ENABLE_MODULES = YES;
				CLANG_ENABLE_OBJC_ARC = YES;
				CLANG_WARN_BOOL_CONVERSION = YES;
				CLANG_WARN_CONSTANT_CONVERSION = YES;
				CLANG_WARN_DIRECT_OBJC_ISA_USAGE = YES_ERROR;
				CLANG_WARN_EMPTY_BODY = YES;
				CLANG_WARN_ENUM_CONVERSION = YES;
				CLANG_WARN_INT_CONVERSION = YES;
				CLANG_WARN_OBJC_ROOT_CLASS = YES_ERROR;
				CLANG_WARN_UNREACHABLE_CODE = YES;
				CLANG_WARN__DUPLICATE_METHOD_MATCH = YES;
				"CODE_SIGN_IDENTITY[sdk=iphoneos*]" = "iPhone Developer";
				COPY_PHASE_STRIP = NO;
				ENABLE_STRICT_OBJC_MSGSEND = YES;
				GCC_C_LANGUAGE_STANDARD = gnu99;
				GCC_DYNAMIC_NO_PIC = NO;
				GCC_OPTIMIZATION_LEVEL = 0;
				GCC_PREPROCESSOR_DEFINITIONS = (
					"DEBUG=1",
					"$(inherited)",
				);
				GCC_SYMBOLS_PRIVATE_EXTERN = NO;
				GCC_WARN_64_TO_32_BIT_CONVERSION = YES;
				GCC_WARN_ABOUT_RETURN_TYPE = YES_ERROR;
				GCC_WARN_UNDECLARED_SELECTOR = YES;
				GCC_WARN_UNINITIALIZED_AUTOS = YES_AGGRESSIVE;
				GCC_WARN_UNUSED_FUNCTION = YES;
				GCC_WARN_UNUSED_VARIABLE = YES;
				IPHONEOS_DEPLOYMENT_TARGET = 8.1;
				MTL_ENABLE_DEBUG_INFO = YES;
				ONLY_ACTIVE_ARCH = YES;
				SDKROOT = iphoneos;
				SWIFT_OPTIMIZATION_LEVEL = "-Onone";
			};
			name = Debug;
		};
		20572A0A1A520C9C00ED525C /* Release */ = {
			isa = XCBuildConfiguration;
			buildSettings = {
				ALWAYS_SEARCH_USER_PATHS = NO;
				CLANG_CXX_LANGUAGE_STANDARD = "gnu++0x";
				CLANG_CXX_LIBRARY = "libc++";
				CLANG_ENABLE_MODULES = YES;
				CLANG_ENABLE_OBJC_ARC = YES;
				CLANG_WARN_BOOL_CONVERSION = YES;
				CLANG_WARN_CONSTANT_CONVERSION = YES;
				CLANG_WARN_DIRECT_OBJC_ISA_USAGE = YES_ERROR;
				CLANG_WARN_EMPTY_BODY = YES;
				CLANG_WARN_ENUM_CONVERSION = YES;
				CLANG_WARN_INT_CONVERSION = YES;
				CLANG_WARN_OBJC_ROOT_CLASS = YES_ERROR;
				CLANG_WARN_UNREACHABLE_CODE = YES;
				CLANG_WARN__DUPLICATE_METHOD_MATCH = YES;
				"CODE_SIGN_IDENTITY[sdk=iphoneos*]" = "iPhone Developer";
				COPY_PHASE_STRIP = YES;
				ENABLE_NS_ASSERTIONS = NO;
				ENABLE_STRICT_OBJC_MSGSEND = YES;
				GCC_C_LANGUAGE_STANDARD = gnu99;
				GCC_WARN_64_TO_32_BIT_CONVERSION = YES;
				GCC_WARN_ABOUT_RETURN_TYPE = YES_ERROR;
				GCC_WARN_UNDECLARED_SELECTOR = YES;
				GCC_WARN_UNINITIALIZED_AUTOS = YES_AGGRESSIVE;
				GCC_WARN_UNUSED_FUNCTION = YES;
				GCC_WARN_UNUSED_VARIABLE = YES;
				IPHONEOS_DEPLOYMENT_TARGET = 8.1;
				MTL_ENABLE_DEBUG_INFO = NO;
				SDKROOT = iphoneos;
				VALIDATE_PRODUCT = YES;
			};
			name = Release;
		};
		20572A0C1A520C9C00ED525C /* Debug */ = {
			isa = XCBuildConfiguration;
			buildSettings = {
				ASSETCATALOG_COMPILER_APPICON_NAME = AppIcon;
				INFOPLIST_FILE = LoadingView/Info.plist;
				LD_RUNPATH_SEARCH_PATHS = "$(inherited) @executable_path/Frameworks";
				PRODUCT_NAME = "$(TARGET_NAME)";
			};
			name = Debug;
		};
		20572A0D1A520C9C00ED525C /* Release */ = {
			isa = XCBuildConfiguration;
			buildSettings = {
				ASSETCATALOG_COMPILER_APPICON_NAME = AppIcon;
				INFOPLIST_FILE = LoadingView/Info.plist;
				LD_RUNPATH_SEARCH_PATHS = "$(inherited) @executable_path/Frameworks";
				PRODUCT_NAME = "$(TARGET_NAME)";
			};
			name = Release;
		};
/* End XCBuildConfiguration section */

/* Begin XCConfigurationList section */
		205729E71A520C9C00ED525C /* Build configuration list for PBXProject "LoadingView" */ = {
			isa = XCConfigurationList;
			buildConfigurations = (
				20572A091A520C9C00ED525C /* Debug */,
				20572A0A1A520C9C00ED525C /* Release */,
			);
			defaultConfigurationIsVisible = 0;
			defaultConfigurationName = Release;
		};
		20572A0B1A520C9C00ED525C /* Build configuration list for PBXNativeTarget "LoadingView" */ = {
			isa = XCConfigurationList;
			buildConfigurations = (
				20572A0C1A520C9C00ED525C /* Debug */,
				20572A0D1A520C9C00ED525C /* Release */,
			);
			defaultConfigurationIsVisible = 0;
			defaultConfigurationName = Release;
		};
/* End XCConfigurationList section */
	};
	rootObject = 205729E41A520C9C00ED525C /* Project object */;
}
